{
  "name": "microrefactorings",
  "version": "1.0.0",
  "lockfileVersion": 1,
  "requires": true,
  "dependencies": {
    "booklisp": {
      "version": "1.4.0",
      "resolved": "https://registry.npmjs.org/booklisp/-/booklisp-1.4.0.tgz",
      "integrity": "sha512-HdigTXzK30TIqUht8zJkFNijw7rcd4LU//4z+M0RsnAOInsYAmdZMMCotkHe79nKfesMtu5HRMRzRAo5hw2zOQ=="
    }
  }
}
