{
  "name": "microrefactorings",
  "version": "1.0.0",
  "lockfileVersion": 1,
  "requires": true,
  "dependencies": {
    "booklisp": {
      "version": "1.3.1",
      "resolved": "https://registry.npmjs.org/booklisp/-/booklisp-1.3.1.tgz",
      "integrity": "sha512-+KFqWoS/+1VvmLZPb07hkCN+g14E++r3LvVfAOZa34CFAkDyUyR7OcXWfT0mTtAig8RePAzhoBYnIpGrqVt/cQ=="
    }
  }
}
